
Microsoft Visual Studio Solution File, Format Version 12.00
# Visual Studio Version 17
VisualStudioVersion = 17.7.34024.191
MinimumVisualStudioVersion = 10.0.40219.1
Project("{FAE04EC0-301F-11D3-BF4B-00C04F79EFBC}") = "WpfApp4", "WpfApp4.csproj", "{A60AC70E-1E01-46F8-BDD6-10BC738F4459}"
EndProject
Project("{FAE04EC0-301F-11D3-BF4B-00C04F79EFBC}") = "ClassLibrary", "..\ClassLibrary\ClassLibrary.csproj", "{1EE696C2-7977-4F86-AA01-8FB7148BA011}"
EndProject
Project("{FAE04EC0-301F-11D3-BF4B-00C04F79EFBC}") = "Language", "..\Language\Language.csproj", "{37529FC8-2763-46D6-BA68-6B8EF46AE4DF}"
EndProject
Global
	GlobalSection(SolutionConfigurationPlatforms) = preSolution
		Debug|Any CPU = Debug|Any CPU
		Release|Any CPU = Release|Any CPU
	EndGlobalSection
	GlobalSection(ProjectConfigurationPlatforms) = postSolution
		{A60AC70E-1E01-46F8-BDD6-10BC738F4459}.Debug|Any CPU.ActiveCfg = Debug|Any CPU
		{A60AC70E-1E01-46F8-BDD6-10BC738F4459}.Debug|Any CPU.Build.0 = Debug|Any CPU
		{A60AC70E-1E01-46F8-BDD6-10BC738F4459}.Release|Any CPU.ActiveCfg = Release|Any CPU
		{A60AC70E-1E01-46F8-BDD6-10BC738F4459}.Release|Any CPU.Build.0 = Release|Any CPU
		{1EE696C2-7977-4F86-AA01-8FB7148BA011}.Debug|Any CPU.ActiveCfg = Debug|Any CPU
		{1EE696C2-7977-4F86-AA01-8FB7148BA011}.Debug|Any CPU.Build.0 = Debug|Any CPU
		{1EE696C2-7977-4F86-AA01-8FB7148BA011}.Release|Any CPU.ActiveCfg = Release|Any CPU
		{1EE696C2-7977-4F86-AA01-8FB7148BA011}.Release|Any CPU.Build.0 = Release|Any CPU
		{37529FC8-2763-46D6-BA68-6B8EF46AE4DF}.Debug|Any CPU.ActiveCfg = Debug|Any CPU
		{37529FC8-2763-46D6-BA68-6B8EF46AE4DF}.Debug|Any CPU.Build.0 = Debug|Any CPU
		{37529FC8-2763-46D6-BA68-6B8EF46AE4DF}.Release|Any CPU.ActiveCfg = Release|Any CPU
		{37529FC8-2763-46D6-BA68-6B8EF46AE4DF}.Release|Any CPU.Build.0 = Release|Any CPU
	EndGlobalSection
	GlobalSection(SolutionProperties) = preSolution
		HideSolutionNode = FALSE
	EndGlobalSection
	GlobalSection(ExtensibilityGlobals) = postSolution
		SolutionGuid = {A367FF6C-6ABC-4998-A56E-FF0F6D42FEAA}
	EndGlobalSection
EndGlobal
